
Microsoft Visual Studio Solution File, Format Version 12.00
# Visual Studio Version 16
VisualStudioVersion = 16.0.32929.386
MinimumVisualStudioVersion = 10.0.40219.1
Project("{FAE04EC0-301F-11D3-BF4B-00C04F79EFBC}") = "DigitalLibrary_NBA_IT", "DigitalLibrary_NBA_IT\DigitalLibrary_NBA_IT.csproj", "{402FE45A-1716-4454-A6BB-99028270E912}"
EndProject
Global
	GlobalSection(SolutionConfigurationPlatforms) = preSolution
		Debug|Any CPU = Debug|Any CPU
		Release|Any CPU = Release|Any CPU
	EndGlobalSection
	GlobalSection(ProjectConfigurationPlatforms) = postSolution
		{402FE45A-1716-4454-A6BB-99028270E912}.Debug|Any CPU.ActiveCfg = Debug|Any CPU
		{402FE45A-1716-4454-A6BB-99028270E912}.Debug|Any CPU.Build.0 = Debug|Any CPU
		{402FE45A-1716-4454-A6BB-99028270E912}.Release|Any CPU.ActiveCfg = Release|Any CPU
		{402FE45A-1716-4454-A6BB-99028270E912}.Release|Any CPU.Build.0 = Release|Any CPU
	EndGlobalSection
	GlobalSection(SolutionProperties) = preSolution
		HideSolutionNode = FALSE
	EndGlobalSection
	GlobalSection(ExtensibilityGlobals) = postSolution
		SolutionGuid = {7E50712B-18FD-4CFB-9B53-0D51E9C374D5}
	EndGlobalSection
EndGlobal
